// !$*UTF8*$!
{
	archiveVersion = 1;
	classes = {
	};
	objectVersion = 46;
	objects = {

/* Begin PBXBuildFile section */
		0380BCD91A6585B1002D76DB /* SwiftyColorTests.swift in Sources */ = {isa = PBXBuildFile; fileRef = 0380BCD81A6585B1002D76DB /* SwiftyColorTests.swift */; };
		0380BCDF1A6585E3002D76DB /* SwiftyColor.swift in Sources */ = {isa = PBXBuildFile; fileRef = 0380BCDE1A6585E3002D76DB /* SwiftyColor.swift */; };
		0380BCED1A658818002D76DB /* SwiftyColorTests.swift in Sources */ = {isa = PBXBuildFile; fileRef = 0380BCD81A6585B1002D76DB /* SwiftyColorTests.swift */; };
		0380BCEE1A658830002D76DB /* SwiftyColor.swift in Sources */ = {isa = PBXBuildFile; fileRef = 0380BCDE1A6585E3002D76DB /* SwiftyColor.swift */; };
/* End PBXBuildFile section */

/* Begin PBXFileReference section */
		0380BCD41A6585B1002D76DB /* SwiftyColorTests.xctest */ = {isa = PBXFileReference; explicitFileType = wrapper.cfbundle; includeInIndex = 0; path = SwiftyColorTests.xctest; sourceTree = BUILT_PRODUCTS_DIR; };
		0380BCD71A6585B1002D76DB /* Info.plist */ = {isa = PBXFileReference; lastKnownFileType = text.plist.xml; path = Info.plist; sourceTree = "<group>"; };
		0380BCD81A6585B1002D76DB /* SwiftyColorTests.swift */ = {isa = PBXFileReference; lastKnownFileType = sourcecode.swift; path = SwiftyColorTests.swift; sourceTree = "<group>"; };
		0380BCDE1A6585E3002D76DB /* SwiftyColor.swift */ = {isa = PBXFileReference; fileEncoding = 4; lastKnownFileType = sourcecode.swift; path = SwiftyColor.swift; sourceTree = "<group>"; };
		0380BCE41A658685002D76DB /* SwiftyColor-OSX-Tests.xctest */ = {isa = PBXFileReference; explicitFileType = wrapper.cfbundle; includeInIndex = 0; path = "SwiftyColor-OSX-Tests.xctest"; sourceTree = BUILT_PRODUCTS_DIR; };
/* End PBXFileReference section */

/* Begin PBXFrameworksBuildPhase section */
		0380BCD11A6585B1002D76DB /* Frameworks */ = {
			isa = PBXFrameworksBuildPhase;
			buildActionMask = 2147483647;
			files = (
			);
			runOnlyForDeploymentPostprocessing = 0;
		};
		0380BCE11A658685002D76DB /* Frameworks */ = {
			isa = PBXFrameworksBuildPhase;
			buildActionMask = 2147483647;
			files = (
			);
			runOnlyForDeploymentPostprocessing = 0;
		};
/* End PBXFrameworksBuildPhase section */

/* Begin PBXGroup section */
		0380BCAE1A658529002D76DB = {
			isa = PBXGroup;
			children = (
				0380BCDD1A6585D6002D76DB /* SwiftyColor */,
				0380BCD51A6585B1002D76DB /* SwiftyColorTests */,
				0380BCBA1A658556002D76DB /* Products */,
			);
			sourceTree = "<group>";
		};
		0380BCBA1A658556002D76DB /* Products */ = {
			isa = PBXGroup;
			children = (
				0380BCD41A6585B1002D76DB /* SwiftyColorTests.xctest */,
				0380BCE41A658685002D76DB /* SwiftyColor-OSX-Tests.xctest */,
			);
			name = Products;
			sourceTree = "<group>";
		};
		0380BCD51A6585B1002D76DB /* SwiftyColorTests */ = {
			isa = PBXGroup;
			children = (
				0380BCD81A6585B1002D76DB /* SwiftyColorTests.swift */,
				0380BCD61A6585B1002D76DB /* Supporting Files */,
			);
			path = SwiftyColorTests;
			sourceTree = "<group>";
		};
		0380BCD61A6585B1002D76DB /* Supporting Files */ = {
			isa = PBXGroup;
			children = (
				0380BCD71A6585B1002D76DB /* Info.plist */,
			);
			name = "Supporting Files";
			sourceTree = "<group>";
		};
		0380BCDD1A6585D6002D76DB /* SwiftyColor */ = {
			isa = PBXGroup;
			children = (
				0380BCDE1A6585E3002D76DB /* SwiftyColor.swift */,
			);
			path = SwiftyColor;
			sourceTree = "<group>";
		};
/* End PBXGroup section */

/* Begin PBXNativeTarget section */
		0380BCD31A6585B1002D76DB /* SwiftyColor-iOS-Tests */ = {
			isa = PBXNativeTarget;
			buildConfigurationList = 0380BCDA1A6585B1002D76DB /* Build configuration list for PBXNativeTarget "SwiftyColor-iOS-Tests" */;
			buildPhases = (
				0380BCD01A6585B1002D76DB /* Sources */,
				0380BCD11A6585B1002D76DB /* Frameworks */,
				0380BCD21A6585B1002D76DB /* Resources */,
			);
			buildRules = (
			);
			dependencies = (
			);
			name = "SwiftyColor-iOS-Tests";
			productName = SwiftyColorTests;
			productReference = 0380BCD41A6585B1002D76DB /* SwiftyColorTests.xctest */;
			productType = "com.apple.product-type.bundle.unit-test";
		};
		0380BCE31A658685002D76DB /* SwiftyColor-OSX-Tests */ = {
			isa = PBXNativeTarget;
			buildConfigurationList = 0380BCEA1A658685002D76DB /* Build configuration list for PBXNativeTarget "SwiftyColor-OSX-Tests" */;
			buildPhases = (
				0380BCE01A658685002D76DB /* Sources */,
				0380BCE11A658685002D76DB /* Frameworks */,
				0380BCE21A658685002D76DB /* Resources */,
			);
			buildRules = (
			);
			dependencies = (
			);
			name = "SwiftyColor-OSX-Tests";
			productName = "SwiftyColor-OSX-Tests";
			productReference = 0380BCE41A658685002D76DB /* SwiftyColor-OSX-Tests.xctest */;
			productType = "com.apple.product-type.bundle.unit-test";
		};
/* End PBXNativeTarget section */

/* Begin PBXProject section */
		0380BCAF1A658529002D76DB /* Project object */ = {
			isa = PBXProject;
			attributes = {
				LastUpgradeCheck = 0620;
				TargetAttributes = {
					0380BCD31A6585B1002D76DB = {
						CreatedOnToolsVersion = 6.2;
					};
					0380BCE31A658685002D76DB = {
						CreatedOnToolsVersion = 6.2;
					};
				};
			};
			buildConfigurationList = 0380BCB21A658529002D76DB /* Build configuration list for PBXProject "SwiftyColor" */;
			compatibilityVersion = "Xcode 3.2";
			developmentRegion = English;
			hasScannedForEncodings = 0;
			knownRegions = (
				en,
			);
			mainGroup = 0380BCAE1A658529002D76DB;
			productRefGroup = 0380BCBA1A658556002D76DB /* Products */;
			projectDirPath = "";
			projectRoot = "";
			targets = (
				0380BCD31A6585B1002D76DB /* SwiftyColor-iOS-Tests */,
				0380BCE31A658685002D76DB /* SwiftyColor-OSX-Tests */,
			);
		};
/* End PBXProject section */

/* Begin PBXResourcesBuildPhase section */
		0380BCD21A6585B1002D76DB /* Resources */ = {
			isa = PBXResourcesBuildPhase;
			buildActionMask = 2147483647;
			files = (
			);
			runOnlyForDeploymentPostprocessing = 0;
		};
		0380BCE21A658685002D76DB /* Resources */ = {
			isa = PBXResourcesBuildPhase;
			buildActionMask = 2147483647;
			files = (
			);
			runOnlyForDeploymentPostprocessing = 0;
		};
/* End PBXResourcesBuildPhase section */

/* Begin PBXSourcesBuildPhase section */
		0380BCD01A6585B1002D76DB /* Sources */ = {
			isa = PBXSourcesBuildPhase;
			buildActionMask = 2147483647;
			files = (
				0380BCDF1A6585E3002D76DB /* SwiftyColor.swift in Sources */,
				0380BCD91A6585B1002D76DB /* SwiftyColorTests.swift in Sources */,
			);
			runOnlyForDeploymentPostprocessing = 0;
		};
		0380BCE01A658685002D76DB /* Sources */ = {
			isa = PBXSourcesBuildPhase;
			buildActionMask = 2147483647;
			files = (
				0380BCEE1A658830002D76DB /* SwiftyColor.swift in Sources */,
				0380BCED1A658818002D76DB /* SwiftyColorTests.swift in Sources */,
			);
			runOnlyForDeploymentPostprocessing = 0;
		};
/* End PBXSourcesBuildPhase section */

/* Begin XCBuildConfiguration section */
		0380BCB31A658529002D76DB /* Debug */ = {
			isa = XCBuildConfiguration;
			buildSettings = {
			};
			name = Debug;
		};
		0380BCB41A658529002D76DB /* Release */ = {
			isa = XCBuildConfiguration;
			buildSettings = {
			};
			name = Release;
		};
		0380BCDB1A6585B1002D76DB /* Debug */ = {
			isa = XCBuildConfiguration;
			buildSettings = {
				ALWAYS_SEARCH_USER_PATHS = NO;
				CLANG_CXX_LANGUAGE_STANDARD = "gnu++0x";
				CLANG_CXX_LIBRARY = "libc++";
				CLANG_ENABLE_MODULES = YES;
				CLANG_ENABLE_OBJC_ARC = YES;
				CLANG_WARN_BOOL_CONVERSION = YES;
				CLANG_WARN_CONSTANT_CONVERSION = YES;
				CLANG_WARN_DIRECT_OBJC_ISA_USAGE = YES_ERROR;
				CLANG_WARN_EMPTY_BODY = YES;
				CLANG_WARN_ENUM_CONVERSION = YES;
				CLANG_WARN_INT_CONVERSION = YES;
				CLANG_WARN_OBJC_ROOT_CLASS = YES_ERROR;
				CLANG_WARN_UNREACHABLE_CODE = YES;
				CLANG_WARN__DUPLICATE_METHOD_MATCH = YES;
				COPY_PHASE_STRIP = NO;
				ENABLE_STRICT_OBJC_MSGSEND = YES;
				FRAMEWORK_SEARCH_PATHS = (
					"$(SDKROOT)/Developer/Library/Frameworks",
					"$(inherited)",
				);
				GCC_C_LANGUAGE_STANDARD = gnu99;
				GCC_DYNAMIC_NO_PIC = NO;
				GCC_OPTIMIZATION_LEVEL = 0;
				GCC_PREPROCESSOR_DEFINITIONS = (
					"DEBUG=1",
					"$(inherited)",
				);
				GCC_SYMBOLS_PRIVATE_EXTERN = NO;
				GCC_WARN_64_TO_32_BIT_CONVERSION = YES;
				GCC_WARN_ABOUT_RETURN_TYPE = YES_ERROR;
				GCC_WARN_UNDECLARED_SELECTOR = YES;
				GCC_WARN_UNINITIALIZED_AUTOS = YES_AGGRESSIVE;
				GCC_WARN_UNUSED_FUNCTION = YES;
				GCC_WARN_UNUSED_VARIABLE = YES;
				INFOPLIST_FILE = SwiftyColorTests/Info.plist;
				IPHONEOS_DEPLOYMENT_TARGET = 8.2;
				LD_RUNPATH_SEARCH_PATHS = "$(inherited) @executable_path/Frameworks @loader_path/Frameworks";
				MTL_ENABLE_DEBUG_INFO = YES;
				ONLY_ACTIVE_ARCH = YES;
				PRODUCT_NAME = "$(TARGET_NAME)";
				SDKROOT = iphoneos;
				SWIFT_OPTIMIZATION_LEVEL = "-Onone";
			};
			name = Debug;
		};
		0380BCDC1A6585B1002D76DB /* Release */ = {
			isa = XCBuildConfiguration;
			buildSettings = {
				ALWAYS_SEARCH_USER_PATHS = NO;
				CLANG_CXX_LANGUAGE_STANDARD = "gnu++0x";
				CLANG_CXX_LIBRARY = "libc++";
				CLANG_ENABLE_MODULES = YES;
				CLANG_ENABLE_OBJC_ARC = YES;
				CLANG_WARN_BOOL_CONVERSION = YES;
				CLANG_WARN_CONSTANT_CONVERSION = YES;
				CLANG_WARN_DIRECT_OBJC_ISA_USAGE = YES_ERROR;
				CLANG_WARN_EMPTY_BODY = YES;
				CLANG_WARN_ENUM_CONVERSION = YES;
				CLANG_WARN_INT_CONVERSION = YES;
				CLANG_WARN_OBJC_ROOT_CLASS = YES_ERROR;
				CLANG_WARN_UNREACHABLE_CODE = YES;
				CLANG_WARN__DUPLICATE_METHOD_MATCH = YES;
				COPY_PHASE_STRIP = YES;
				ENABLE_NS_ASSERTIONS = NO;
				ENABLE_STRICT_OBJC_MSGSEND = YES;
				FRAMEWORK_SEARCH_PATHS = (
					"$(SDKROOT)/Developer/Library/Frameworks",
					"$(inherited)",
				);
				GCC_C_LANGUAGE_STANDARD = gnu99;
				GCC_WARN_64_TO_32_BIT_CONVERSION = YES;
				GCC_WARN_ABOUT_RETURN_TYPE = YES_ERROR;
				GCC_WARN_UNDECLARED_SELECTOR = YES;
				GCC_WARN_UNINITIALIZED_AUTOS = YES_AGGRESSIVE;
				GCC_WARN_UNUSED_FUNCTION = YES;
				GCC_WARN_UNUSED_VARIABLE = YES;
				INFOPLIST_FILE = SwiftyColorTests/Info.plist;
				IPHONEOS_DEPLOYMENT_TARGET = 8.2;
				LD_RUNPATH_SEARCH_PATHS = "$(inherited) @executable_path/Frameworks @loader_path/Frameworks";
				MTL_ENABLE_DEBUG_INFO = NO;
				PRODUCT_NAME = "$(TARGET_NAME)";
				SDKROOT = iphoneos;
				VALIDATE_PRODUCT = YES;
			};
			name = Release;
		};
		0380BCEB1A658685002D76DB /* Debug */ = {
			isa = XCBuildConfiguration;
			buildSettings = {
				ALWAYS_SEARCH_USER_PATHS = NO;
				CLANG_CXX_LANGUAGE_STANDARD = "gnu++0x";
				CLANG_CXX_LIBRARY = "libc++";
				CLANG_ENABLE_MODULES = YES;
				CLANG_ENABLE_OBJC_ARC = YES;
				CLANG_WARN_BOOL_CONVERSION = YES;
				CLANG_WARN_CONSTANT_CONVERSION = YES;
				CLANG_WARN_DIRECT_OBJC_ISA_USAGE = YES_ERROR;
				CLANG_WARN_EMPTY_BODY = YES;
				CLANG_WARN_ENUM_CONVERSION = YES;
				CLANG_WARN_INT_CONVERSION = YES;
				CLANG_WARN_OBJC_ROOT_CLASS = YES_ERROR;
				CLANG_WARN_UNREACHABLE_CODE = YES;
				CLANG_WARN__DUPLICATE_METHOD_MATCH = YES;
				COMBINE_HIDPI_IMAGES = YES;
				COPY_PHASE_STRIP = NO;
				ENABLE_STRICT_OBJC_MSGSEND = YES;
				FRAMEWORK_SEARCH_PATHS = (
					"$(DEVELOPER_FRAMEWORKS_DIR)",
					"$(inherited)",
				);
				GCC_C_LANGUAGE_STANDARD = gnu99;
				GCC_DYNAMIC_NO_PIC = NO;
				GCC_OPTIMIZATION_LEVEL = 0;
				GCC_PREPROCESSOR_DEFINITIONS = (
					"DEBUG=1",
					"$(inherited)",
				);
				GCC_SYMBOLS_PRIVATE_EXTERN = NO;
				GCC_WARN_64_TO_32_BIT_CONVERSION = YES;
				GCC_WARN_ABOUT_RETURN_TYPE = YES_ERROR;
				GCC_WARN_UNDECLARED_SELECTOR = YES;
				GCC_WARN_UNINITIALIZED_AUTOS = YES_AGGRESSIVE;
				GCC_WARN_UNUSED_FUNCTION = YES;
				GCC_WARN_UNUSED_VARIABLE = YES;
				INFOPLIST_FILE = SwiftyColorTests/Info.plist;
				LD_RUNPATH_SEARCH_PATHS = "$(inherited) @executable_path/../Frameworks @loader_path/../Frameworks";
				MACOSX_DEPLOYMENT_TARGET = 10.10;
				MTL_ENABLE_DEBUG_INFO = YES;
				ONLY_ACTIVE_ARCH = YES;
				PRODUCT_NAME = "$(TARGET_NAME)";
				SDKROOT = macosx;
				SWIFT_OPTIMIZATION_LEVEL = "-Onone";
			};
			name = Debug;
		};
		0380BCEC1A658685002D76DB /* Release */ = {
			isa = XCBuildConfiguration;
			buildSettings = {
				ALWAYS_SEARCH_USER_PATHS = NO;
				CLANG_CXX_LANGUAGE_STANDARD = "gnu++0x";
				CLANG_CXX_LIBRARY = "libc++";
				CLANG_ENABLE_MODULES = YES;
				CLANG_ENABLE_OBJC_ARC = YES;
				CLANG_WARN_BOOL_CONVERSION = YES;
				CLANG_WARN_CONSTANT_CONVERSION = YES;
				CLANG_WARN_DIRECT_OBJC_ISA_USAGE = YES_ERROR;
				CLANG_WARN_EMPTY_BODY = YES;
				CLANG_WARN_ENUM_CONVERSION = YES;
				CLANG_WARN_INT_CONVERSION = YES;
				CLANG_WARN_OBJC_ROOT_CLASS = YES_ERROR;
				CLANG_WARN_UNREACHABLE_CODE = YES;
				CLANG_WARN__DUPLICATE_METHOD_MATCH = YES;
				COMBINE_HIDPI_IMAGES = YES;
				COPY_PHASE_STRIP = YES;
				DEBUG_INFORMATION_FORMAT = "dwarf-with-dsym";
				ENABLE_NS_ASSERTIONS = NO;
				ENABLE_STRICT_OBJC_MSGSEND = YES;
				FRAMEWORK_SEARCH_PATHS = (
					"$(DEVELOPER_FRAMEWORKS_DIR)",
					"$(inherited)",
				);
				GCC_C_LANGUAGE_STANDARD = gnu99;
				GCC_WARN_64_TO_32_BIT_CONVERSION = YES;
				GCC_WARN_ABOUT_RETURN_TYPE = YES_ERROR;
				GCC_WARN_UNDECLARED_SELECTOR = YES;
				GCC_WARN_UNINITIALIZED_AUTOS = YES_AGGRESSIVE;
				GCC_WARN_UNUSED_FUNCTION = YES;
				GCC_WARN_UNUSED_VARIABLE = YES;
				INFOPLIST_FILE = SwiftyColorTests/Info.plist;
				LD_RUNPATH_SEARCH_PATHS = "$(inherited) @executable_path/../Frameworks @loader_path/../Frameworks";
				MACOSX_DEPLOYMENT_TARGET = 10.10;
				MTL_ENABLE_DEBUG_INFO = NO;
				PRODUCT_NAME = "$(TARGET_NAME)";
				SDKROOT = macosx;
			};
			name = Release;
		};
/* End XCBuildConfiguration section */

/* Begin XCConfigurationList section */
		0380BCB21A658529002D76DB /* Build configuration list for PBXProject "SwiftyColor" */ = {
			isa = XCConfigurationList;
			buildConfigurations = (
				0380BCB31A658529002D76DB /* Debug */,
				0380BCB41A658529002D76DB /* Release */,
			);
			defaultConfigurationIsVisible = 0;
			defaultConfigurationName = Release;
		};
		0380BCDA1A6585B1002D76DB /* Build configuration list for PBXNativeTarget "SwiftyColor-iOS-Tests" */ = {
			isa = XCConfigurationList;
			buildConfigurations = (
				0380BCDB1A6585B1002D76DB /* Debug */,
				0380BCDC1A6585B1002D76DB /* Release */,
			);
			defaultConfigurationIsVisible = 0;
			defaultConfigurationName = Release;
		};
		0380BCEA1A658685002D76DB /* Build configuration list for PBXNativeTarget "SwiftyColor-OSX-Tests" */ = {
			isa = XCConfigurationList;
			buildConfigurations = (
				0380BCEB1A658685002D76DB /* Debug */,
				0380BCEC1A658685002D76DB /* Release */,
			);
			defaultConfigurationIsVisible = 0;
		};
/* End XCConfigurationList section */
	};
	rootObject = 0380BCAF1A658529002D76DB /* Project object */;
}
